// !$*UTF8*$!
{
	archiveVersion = 1;
	classes = {
	};
	objectVersion = 55;
	objects = {

/* Begin PBXBuildFile section */
		4B15571C296B746C001C8C7F /* CustomImageView.swift in Sources */ = {isa = PBXBuildFile; fileRef = 4B15571B296B746C001C8C7F /* CustomImageView.swift */; };
		4B15571E296B7B0D001C8C7F /* CustomButton.swift in Sources */ = {isa = PBXBuildFile; fileRef = 4B15571D296B7B0D001C8C7F /* CustomButton.swift */; };
		4B20FF97295697DB0038955D /* ServiceModel.swift in Sources */ = {isa = PBXBuildFile; fileRef = 4B20FF96295697DB0038955D /* ServiceModel.swift */; };
		4B20FF99295697F20038955D /* ServiceKeys.swift in Sources */ = {isa = PBXBuildFile; fileRef = 4B20FF98295697F20038955D /* ServiceKeys.swift */; };
		4B5F6C902969C54B00F1D14B /* DescriptionModel.swift in Sources */ = {isa = PBXBuildFile; fileRef = 4B5F6C8F2969C54B00F1D14B /* DescriptionModel.swift */; };
		4B6F4B80295783CE00D67D79 /* CustomTimer.swift in Sources */ = {isa = PBXBuildFile; fileRef = 4B6F4B7F295783CE00D67D79 /* CustomTimer.swift */; };
		4B7AE5A5296B42160060AD41 /* HomeView.swift in Sources */ = {isa = PBXBuildFile; fileRef = 4B7AE5A4296B42160060AD41 /* HomeView.swift */; };
		4B7AE5AD296B46230060AD41 /* CustomLabel.swift in Sources */ = {isa = PBXBuildFile; fileRef = 4B7AE5AC296B46230060AD41 /* CustomLabel.swift */; };
		4B94CE76296B4D7700144E87 /* DescriptionView.swift in Sources */ = {isa = PBXBuildFile; fileRef = 4B94CE75296B4D7700144E87 /* DescriptionView.swift */; };
		4B94CE79296B50C500144E87 /* UIColor+Extension.swift in Sources */ = {isa = PBXBuildFile; fileRef = 4B94CE78296B50C500144E87 /* UIColor+Extension.swift */; };
		4B94CE7B296B52F700144E87 /* CustomDividerView.swift in Sources */ = {isa = PBXBuildFile; fileRef = 4B94CE7A296B52F700144E87 /* CustomDividerView.swift */; };
		4B94CE7D296B56B700144E87 /* LastServiceView.swift in Sources */ = {isa = PBXBuildFile; fileRef = 4B94CE7C296B56B700144E87 /* LastServiceView.swift */; };
		4BCB961D29565FF400B15A58 /* HomeViewModel.swift in Sources */ = {isa = PBXBuildFile; fileRef = 4BCB961C29565FF400B15A58 /* HomeViewModel.swift */; };
		4BCB961F2956602700B15A58 /* HomeViewModelProtocols.swift in Sources */ = {isa = PBXBuildFile; fileRef = 4BCB961E2956602700B15A58 /* HomeViewModelProtocols.swift */; };
		4BCB96222956768300B15A58 /* DateManager.swift in Sources */ = {isa = PBXBuildFile; fileRef = 4BCB96212956768300B15A58 /* DateManager.swift */; };
		4BF27F24296BA24E0097637D /* SelectDateView.swift in Sources */ = {isa = PBXBuildFile; fileRef = 4BF27F23296BA24E0097637D /* SelectDateView.swift */; };
		4BF27F26296BA2A00097637D /* SelectServiceView.swift in Sources */ = {isa = PBXBuildFile; fileRef = 4BF27F25296BA2A00097637D /* SelectServiceView.swift */; };
		4BF27F28296BA9ED0097637D /* ServiceCollectionViewCell.swift in Sources */ = {isa = PBXBuildFile; fileRef = 4BF27F27296BA9ED0097637D /* ServiceCollectionViewCell.swift */; };
		4C30F0A829391842002C3068 /* SelectDateViewController.swift in Sources */ = {isa = PBXBuildFile; fileRef = 4C30F0A729391842002C3068 /* SelectDateViewController.swift */; };
		4C55034529379F3600699589 /* AppDelegate.swift in Sources */ = {isa = PBXBuildFile; fileRef = 4C55034429379F3600699589 /* AppDelegate.swift */; };
		4C55034929379F3600699589 /* HomeViewController.swift in Sources */ = {isa = PBXBuildFile; fileRef = 4C55034829379F3600699589 /* HomeViewController.swift */; };
		4C55034E29379F3900699589 /* Assets.xcassets in Resources */ = {isa = PBXBuildFile; fileRef = 4C55034D29379F3900699589 /* Assets.xcassets */; };
		4C55035129379F3900699589 /* LaunchScreen.storyboard in Resources */ = {isa = PBXBuildFile; fileRef = 4C55034F29379F3900699589 /* LaunchScreen.storyboard */; };
		4C5503592937D32A00699589 /* SelectServiceViewController.swift in Sources */ = {isa = PBXBuildFile; fileRef = 4C5503582937D32A00699589 /* SelectServiceViewController.swift */; };
		60CE81AB2977618D009667C5 /* SelectServiceViewModel.swift in Sources */ = {isa = PBXBuildFile; fileRef = 60CE81AA2977618D009667C5 /* SelectServiceViewModel.swift */; };
		60CE81AD297761B7009667C5 /* SelectServiceViewModelProtocols.swift in Sources */ = {isa = PBXBuildFile; fileRef = 60CE81AC297761B7009667C5 /* SelectServiceViewModelProtocols.swift */; };
		60CE81AF297767BE009667C5 /* CustomColor.swift in Sources */ = {isa = PBXBuildFile; fileRef = 60CE81AE297767BE009667C5 /* CustomColor.swift */; };
		60CE81B2297768C6009667C5 /* SelectServicesModel.swift in Sources */ = {isa = PBXBuildFile; fileRef = 60CE81B1297768C6009667C5 /* SelectServicesModel.swift */; };
		60CE81B529776FF0009667C5 /* SystemImageName.swift in Sources */ = {isa = PBXBuildFile; fileRef = 60CE81B429776FF0009667C5 /* SystemImageName.swift */; };
		60CE81B729777572009667C5 /* CustomColorAdapter.swift in Sources */ = {isa = PBXBuildFile; fileRef = 60CE81B629777572009667C5 /* CustomColorAdapter.swift */; };
		60CE81BC29777EB1009667C5 /* SelectDateViewModelProtocols.swift in Sources */ = {isa = PBXBuildFile; fileRef = 60CE81BB29777EB1009667C5 /* SelectDateViewModelProtocols.swift */; };
		60CE81BE29777EC2009667C5 /* SelectDateViewModel.swift in Sources */ = {isa = PBXBuildFile; fileRef = 60CE81BD29777EC2009667C5 /* SelectDateViewModel.swift */; };
		60CE81C0297784D1009667C5 /* ScheduledServiceModel.swift in Sources */ = {isa = PBXBuildFile; fileRef = 60CE81BF297784D1009667C5 /* ScheduledServiceModel.swift */; };
		60CE81C329778B78009667C5 /* Date+Extension.swift in Sources */ = {isa = PBXBuildFile; fileRef = 60CE81C229778B78009667C5 /* Date+Extension.swift */; };
/* End PBXBuildFile section */

/* Begin PBXFileReference section */
		4B15571B296B746C001C8C7F /* CustomImageView.swift */ = {isa = PBXFileReference; lastKnownFileType = sourcecode.swift; path = CustomImageView.swift; sourceTree = "<group>"; };
		4B15571D296B7B0D001C8C7F /* CustomButton.swift */ = {isa = PBXFileReference; lastKnownFileType = sourcecode.swift; path = CustomButton.swift; sourceTree = "<group>"; };
		4B20FF96295697DB0038955D /* ServiceModel.swift */ = {isa = PBXFileReference; lastKnownFileType = sourcecode.swift; path = ServiceModel.swift; sourceTree = "<group>"; };
		4B20FF98295697F20038955D /* ServiceKeys.swift */ = {isa = PBXFileReference; lastKnownFileType = sourcecode.swift; path = ServiceKeys.swift; sourceTree = "<group>"; };
		4B5F6C8F2969C54B00F1D14B /* DescriptionModel.swift */ = {isa = PBXFileReference; lastKnownFileType = sourcecode.swift; path = DescriptionModel.swift; sourceTree = "<group>"; };
		4B6F4B7F295783CE00D67D79 /* CustomTimer.swift */ = {isa = PBXFileReference; lastKnownFileType = sourcecode.swift; path = CustomTimer.swift; sourceTree = "<group>"; };
		4B7AE5A4296B42160060AD41 /* HomeView.swift */ = {isa = PBXFileReference; lastKnownFileType = sourcecode.swift; path = HomeView.swift; sourceTree = "<group>"; };
		4B7AE5AC296B46230060AD41 /* CustomLabel.swift */ = {isa = PBXFileReference; lastKnownFileType = sourcecode.swift; path = CustomLabel.swift; sourceTree = "<group>"; };
		4B94CE75296B4D7700144E87 /* DescriptionView.swift */ = {isa = PBXFileReference; lastKnownFileType = sourcecode.swift; path = DescriptionView.swift; sourceTree = "<group>"; };
		4B94CE78296B50C500144E87 /* UIColor+Extension.swift */ = {isa = PBXFileReference; lastKnownFileType = sourcecode.swift; path = "UIColor+Extension.swift"; sourceTree = "<group>"; };
		4B94CE7A296B52F700144E87 /* CustomDividerView.swift */ = {isa = PBXFileReference; lastKnownFileType = sourcecode.swift; path = CustomDividerView.swift; sourceTree = "<group>"; };
		4B94CE7C296B56B700144E87 /* LastServiceView.swift */ = {isa = PBXFileReference; lastKnownFileType = sourcecode.swift; path = LastServiceView.swift; sourceTree = "<group>"; };
		4BCB961C29565FF400B15A58 /* HomeViewModel.swift */ = {isa = PBXFileReference; lastKnownFileType = sourcecode.swift; path = HomeViewModel.swift; sourceTree = "<group>"; };
		4BCB961E2956602700B15A58 /* HomeViewModelProtocols.swift */ = {isa = PBXFileReference; lastKnownFileType = sourcecode.swift; path = HomeViewModelProtocols.swift; sourceTree = "<group>"; };
		4BCB96212956768300B15A58 /* DateManager.swift */ = {isa = PBXFileReference; lastKnownFileType = sourcecode.swift; path = DateManager.swift; sourceTree = "<group>"; };
		4BF27F23296BA24E0097637D /* SelectDateView.swift */ = {isa = PBXFileReference; lastKnownFileType = sourcecode.swift; path = SelectDateView.swift; sourceTree = "<group>"; };
		4BF27F25296BA2A00097637D /* SelectServiceView.swift */ = {isa = PBXFileReference; lastKnownFileType = sourcecode.swift; path = SelectServiceView.swift; sourceTree = "<group>"; };
		4BF27F27296BA9ED0097637D /* ServiceCollectionViewCell.swift */ = {isa = PBXFileReference; lastKnownFileType = sourcecode.swift; path = ServiceCollectionViewCell.swift; sourceTree = "<group>"; };
		4C30F0A729391842002C3068 /* SelectDateViewController.swift */ = {isa = PBXFileReference; lastKnownFileType = sourcecode.swift; path = SelectDateViewController.swift; sourceTree = "<group>"; };
		4C55034129379F3600699589 /* PoliServices.app */ = {isa = PBXFileReference; explicitFileType = wrapper.application; includeInIndex = 0; path = PoliServices.app; sourceTree = BUILT_PRODUCTS_DIR; };
		4C55034429379F3600699589 /* AppDelegate.swift */ = {isa = PBXFileReference; lastKnownFileType = sourcecode.swift; path = AppDelegate.swift; sourceTree = "<group>"; };
		4C55034829379F3600699589 /* HomeViewController.swift */ = {isa = PBXFileReference; lastKnownFileType = sourcecode.swift; path = HomeViewController.swift; sourceTree = "<group>"; };
		4C55034D29379F3900699589 /* Assets.xcassets */ = {isa = PBXFileReference; lastKnownFileType = folder.assetcatalog; path = Assets.xcassets; sourceTree = "<group>"; };
		4C55035029379F3900699589 /* Base */ = {isa = PBXFileReference; lastKnownFileType = file.storyboard; name = Base; path = Base.lproj/LaunchScreen.storyboard; sourceTree = "<group>"; };
		4C55035229379F3900699589 /* Info.plist */ = {isa = PBXFileReference; lastKnownFileType = text.plist.xml; path = Info.plist; sourceTree = "<group>"; };
		4C5503582937D32A00699589 /* SelectServiceViewController.swift */ = {isa = PBXFileReference; lastKnownFileType = sourcecode.swift; path = SelectServiceViewController.swift; sourceTree = "<group>"; };
		60CE81AA2977618D009667C5 /* SelectServiceViewModel.swift */ = {isa = PBXFileReference; lastKnownFileType = sourcecode.swift; path = SelectServiceViewModel.swift; sourceTree = "<group>"; };
		60CE81AC297761B7009667C5 /* SelectServiceViewModelProtocols.swift */ = {isa = PBXFileReference; lastKnownFileType = sourcecode.swift; path = SelectServiceViewModelProtocols.swift; sourceTree = "<group>"; };
		60CE81AE297767BE009667C5 /* CustomColor.swift */ = {isa = PBXFileReference; lastKnownFileType = sourcecode.swift; path = CustomColor.swift; sourceTree = "<group>"; };
		60CE81B1297768C6009667C5 /* SelectServicesModel.swift */ = {isa = PBXFileReference; lastKnownFileType = sourcecode.swift; path = SelectServicesModel.swift; sourceTree = "<group>"; };
		60CE81B429776FF0009667C5 /* SystemImageName.swift */ = {isa = PBXFileReference; lastKnownFileType = sourcecode.swift; path = SystemImageName.swift; sourceTree = "<group>"; };
		60CE81B629777572009667C5 /* CustomColorAdapter.swift */ = {isa = PBXFileReference; lastKnownFileType = sourcecode.swift; path = CustomColorAdapter.swift; sourceTree = "<group>"; };
		60CE81BB29777EB1009667C5 /* SelectDateViewModelProtocols.swift */ = {isa = PBXFileReference; lastKnownFileType = sourcecode.swift; path = SelectDateViewModelProtocols.swift; sourceTree = "<group>"; };
		60CE81BD29777EC2009667C5 /* SelectDateViewModel.swift */ = {isa = PBXFileReference; lastKnownFileType = sourcecode.swift; path = SelectDateViewModel.swift; sourceTree = "<group>"; };
		60CE81BF297784D1009667C5 /* ScheduledServiceModel.swift */ = {isa = PBXFileReference; lastKnownFileType = sourcecode.swift; path = ScheduledServiceModel.swift; sourceTree = "<group>"; };
		60CE81C229778B78009667C5 /* Date+Extension.swift */ = {isa = PBXFileReference; lastKnownFileType = sourcecode.swift; path = "Date+Extension.swift"; sourceTree = "<group>"; };
/* End PBXFileReference section */

/* Begin PBXFrameworksBuildPhase section */
		4C55033E29379F3600699589 /* Frameworks */ = {
			isa = PBXFrameworksBuildPhase;
			buildActionMask = 2147483647;
			files = (
			);
			runOnlyForDeploymentPostprocessing = 0;
		};
/* End PBXFrameworksBuildPhase section */

/* Begin PBXGroup section */
		4B6F4B7E295783BB00D67D79 /* CustomTImer */ = {
			isa = PBXGroup;
			children = (
				4B6F4B7F295783CE00D67D79 /* CustomTimer.swift */,
			);
			path = CustomTImer;
			sourceTree = "<group>";
		};
		4B7AE5A6296B425C0060AD41 /* View */ = {
			isa = PBXGroup;
			children = (
				4B7AE5A4296B42160060AD41 /* HomeView.swift */,
				4B94CE75296B4D7700144E87 /* DescriptionView.swift */,
				4B94CE7C296B56B700144E87 /* LastServiceView.swift */,
				4C55034829379F3600699589 /* HomeViewController.swift */,
			);
			path = View;
			sourceTree = "<group>";
		};
		4B7AE5A7296B42660060AD41 /* ViewModel */ = {
			isa = PBXGroup;
			children = (
				4BCB961C29565FF400B15A58 /* HomeViewModel.swift */,
				4BCB961E2956602700B15A58 /* HomeViewModelProtocols.swift */,
			);
			path = ViewModel;
			sourceTree = "<group>";
		};
		4B7AE5A8296B42750060AD41 /* Model */ = {
			isa = PBXGroup;
			children = (
				4B20FF96295697DB0038955D /* ServiceModel.swift */,
				4B5F6C8F2969C54B00F1D14B /* DescriptionModel.swift */,
				4B20FF98295697F20038955D /* ServiceKeys.swift */,
			);
			path = Model;
			sourceTree = "<group>";
		};
		4B7AE5A9296B460B0060AD41 /* Infrastructure */ = {
			isa = PBXGroup;
			children = (
				60CE81C129778B5F009667C5 /* Extensions */,
				4B7AE5AA296B46130060AD41 /* DesignSystem */,
			);
			path = Infrastructure;
			sourceTree = "<group>";
		};
		4B7AE5AA296B46130060AD41 /* DesignSystem */ = {
			isa = PBXGroup;
			children = (
				60CE81B329776FE4009667C5 /* Images */,
				4B94CE77296B50B800144E87 /* Colors */,
				4B7AE5AB296B461A0060AD41 /* Components */,
			);
			path = DesignSystem;
			sourceTree = "<group>";
		};
		4B7AE5AB296B461A0060AD41 /* Components */ = {
			isa = PBXGroup;
			children = (
				4B7AE5AC296B46230060AD41 /* CustomLabel.swift */,
				4B94CE7A296B52F700144E87 /* CustomDividerView.swift */,
				4B15571B296B746C001C8C7F /* CustomImageView.swift */,
				4B15571D296B7B0D001C8C7F /* CustomButton.swift */,
			);
			path = Components;
			sourceTree = "<group>";
		};
		4B94CE77296B50B800144E87 /* Colors */ = {
			isa = PBXGroup;
			children = (
				60CE81AE297767BE009667C5 /* CustomColor.swift */,
				60CE81B629777572009667C5 /* CustomColorAdapter.swift */,
			);
			path = Colors;
			sourceTree = "<group>";
		};
		4BCB961629565F2800B15A58 /* Scenes */ = {
			isa = PBXGroup;
			children = (
				4BCB961729565F3300B15A58 /* Home */,
				4BCB961829565F6A00B15A58 /* ScheduleService */,
			);
			path = Scenes;
			sourceTree = "<group>";
		};
		4BCB961729565F3300B15A58 /* Home */ = {
			isa = PBXGroup;
			children = (
				4B7AE5A8296B42750060AD41 /* Model */,
				4B7AE5A6296B425C0060AD41 /* View */,
				4B7AE5A7296B42660060AD41 /* ViewModel */,
			);
			path = Home;
			sourceTree = "<group>";
		};
		4BCB961829565F6A00B15A58 /* ScheduleService */ = {
			isa = PBXGroup;
			children = (
				4BCB961A29565F8B00B15A58 /* SelectService */,
				4BCB961929565F7A00B15A58 /* SelectDate */,
			);
			path = ScheduleService;
			sourceTree = "<group>";
		};
		4BCB961929565F7A00B15A58 /* SelectDate */ = {
			isa = PBXGroup;
			children = (
				60CE81BA29777E88009667C5 /* Model */,
				60CE81B929777E83009667C5 /* View */,
				60CE81B829777E7A009667C5 /* ViewModel */,
			);
			path = SelectDate;
			sourceTree = "<group>";
		};
		4BCB961A29565F8B00B15A58 /* SelectService */ = {
			isa = PBXGroup;
			children = (
				60CE81B0297768BB009667C5 /* Models */,
				60CE81A829776155009667C5 /* View */,
				60CE81A92977615E009667C5 /* ViewModel */,
			);
			path = SelectService;
			sourceTree = "<group>";
		};
		4BCB961B29565FC400B15A58 /* AppDelegate */ = {
			isa = PBXGroup;
			children = (
				4C55034429379F3600699589 /* AppDelegate.swift */,
			);
			path = AppDelegate;
			sourceTree = "<group>";
		};
		4BCB96202956767900B15A58 /* DateManager */ = {
			isa = PBXGroup;
			children = (
				4BCB96212956768300B15A58 /* DateManager.swift */,
			);
			path = DateManager;
			sourceTree = "<group>";
		};
		4C55033829379F3600699589 = {
			isa = PBXGroup;
			children = (
				4C55034329379F3600699589 /* PoliServices */,
				4C55034229379F3600699589 /* Products */,
			);
			sourceTree = "<group>";
		};
		4C55034229379F3600699589 /* Products */ = {
			isa = PBXGroup;
			children = (
				4C55034129379F3600699589 /* PoliServices.app */,
			);
			name = Products;
			sourceTree = "<group>";
		};
		4C55034329379F3600699589 /* PoliServices */ = {
			isa = PBXGroup;
			children = (
				60CE81A7297760CB009667C5 /* Resources */,
				4BCB961629565F2800B15A58 /* Scenes */,
				4BCB96202956767900B15A58 /* DateManager */,
				4B6F4B7E295783BB00D67D79 /* CustomTImer */,
				4B7AE5A9296B460B0060AD41 /* Infrastructure */,
				4C55035229379F3900699589 /* Info.plist */,
			);
			path = PoliServices;
			sourceTree = "<group>";
		};
		60CE81A7297760CB009667C5 /* Resources */ = {
			isa = PBXGroup;
			children = (
				4BCB961B29565FC400B15A58 /* AppDelegate */,
				4C55034D29379F3900699589 /* Assets.xcassets */,
				4C55034F29379F3900699589 /* LaunchScreen.storyboard */,
			);
			path = Resources;
			sourceTree = "<group>";
		};
		60CE81A829776155009667C5 /* View */ = {
			isa = PBXGroup;
			children = (
				4C5503582937D32A00699589 /* SelectServiceViewController.swift */,
				4BF27F25296BA2A00097637D /* SelectServiceView.swift */,
				4BF27F27296BA9ED0097637D /* ServiceCollectionViewCell.swift */,
			);
			path = View;
			sourceTree = "<group>";
		};
		60CE81A92977615E009667C5 /* ViewModel */ = {
			isa = PBXGroup;
			children = (
				60CE81AA2977618D009667C5 /* SelectServiceViewModel.swift */,
				60CE81AC297761B7009667C5 /* SelectServiceViewModelProtocols.swift */,
			);
			path = ViewModel;
			sourceTree = "<group>";
		};
		60CE81B0297768BB009667C5 /* Models */ = {
			isa = PBXGroup;
			children = (
				60CE81B1297768C6009667C5 /* SelectServicesModel.swift */,
			);
			path = Models;
			sourceTree = "<group>";
		};
		60CE81B329776FE4009667C5 /* Images */ = {
			isa = PBXGroup;
			children = (
				60CE81B429776FF0009667C5 /* SystemImageName.swift */,
			);
			path = Images;
			sourceTree = "<group>";
		};
		60CE81B829777E7A009667C5 /* ViewModel */ = {
			isa = PBXGroup;
			children = (
				60CE81BB29777EB1009667C5 /* SelectDateViewModelProtocols.swift */,
				60CE81BD29777EC2009667C5 /* SelectDateViewModel.swift */,
			);
			path = ViewModel;
			sourceTree = "<group>";
		};
		60CE81B929777E83009667C5 /* View */ = {
			isa = PBXGroup;
			children = (
				4C30F0A729391842002C3068 /* SelectDateViewController.swift */,
				4BF27F23296BA24E0097637D /* SelectDateView.swift */,
			);
			path = View;
			sourceTree = "<group>";
		};
		60CE81BA29777E88009667C5 /* Model */ = {
			isa = PBXGroup;
			children = (
				60CE81BF297784D1009667C5 /* ScheduledServiceModel.swift */,
			);
			path = Model;
			sourceTree = "<group>";
		};
		60CE81C129778B5F009667C5 /* Extensions */ = {
			isa = PBXGroup;
			children = (
				60CE81C229778B78009667C5 /* Date+Extension.swift */,
				4B94CE78296B50C500144E87 /* UIColor+Extension.swift */,
			);
			path = Extensions;
			sourceTree = "<group>";
		};
/* End PBXGroup section */

/* Begin PBXNativeTarget section */
		4C55034029379F3600699589 /* PoliServices */ = {
			isa = PBXNativeTarget;
			buildConfigurationList = 4C55035529379F3900699589 /* Build configuration list for PBXNativeTarget "PoliServices" */;
			buildPhases = (
				4C55033D29379F3600699589 /* Sources */,
				4C55033E29379F3600699589 /* Frameworks */,
				4C55033F29379F3600699589 /* Resources */,
			);
			buildRules = (
			);
			dependencies = (
			);
			name = PoliServices;
			productName = PoliServices;
			productReference = 4C55034129379F3600699589 /* PoliServices.app */;
			productType = "com.apple.product-type.application";
		};
/* End PBXNativeTarget section */

/* Begin PBXProject section */
		4C55033929379F3600699589 /* Project object */ = {
			isa = PBXProject;
			attributes = {
				BuildIndependentTargetsInParallel = 1;
				LastSwiftUpdateCheck = 1330;
				LastUpgradeCheck = 1330;
				TargetAttributes = {
					4C55034029379F3600699589 = {
						CreatedOnToolsVersion = 13.3;
						LastSwiftMigration = 1410;
					};
				};
			};
			buildConfigurationList = 4C55033C29379F3600699589 /* Build configuration list for PBXProject "PoliServices" */;
			compatibilityVersion = "Xcode 13.0";
			developmentRegion = en;
			hasScannedForEncodings = 0;
			knownRegions = (
				en,
				Base,
			);
			mainGroup = 4C55033829379F3600699589;
			productRefGroup = 4C55034229379F3600699589 /* Products */;
			projectDirPath = "";
			projectRoot = "";
			targets = (
				4C55034029379F3600699589 /* PoliServices */,
			);
		};
/* End PBXProject section */

/* Begin PBXResourcesBuildPhase section */
		4C55033F29379F3600699589 /* Resources */ = {
			isa = PBXResourcesBuildPhase;
			buildActionMask = 2147483647;
			files = (
				4C55035129379F3900699589 /* LaunchScreen.storyboard in Resources */,
				4C55034E29379F3900699589 /* Assets.xcassets in Resources */,
			);
			runOnlyForDeploymentPostprocessing = 0;
		};
/* End PBXResourcesBuildPhase section */

/* Begin PBXSourcesBuildPhase section */
		4C55033D29379F3600699589 /* Sources */ = {
			isa = PBXSourcesBuildPhase;
			buildActionMask = 2147483647;
			files = (
				4BF27F24296BA24E0097637D /* SelectDateView.swift in Sources */,
				60CE81BE29777EC2009667C5 /* SelectDateViewModel.swift in Sources */,
				60CE81B2297768C6009667C5 /* SelectServicesModel.swift in Sources */,
				4B6F4B80295783CE00D67D79 /* CustomTimer.swift in Sources */,
				4B7AE5AD296B46230060AD41 /* CustomLabel.swift in Sources */,
				4B7AE5A5296B42160060AD41 /* HomeView.swift in Sources */,
				60CE81AB2977618D009667C5 /* SelectServiceViewModel.swift in Sources */,
				4C30F0A829391842002C3068 /* SelectDateViewController.swift in Sources */,
				4BCB961F2956602700B15A58 /* HomeViewModelProtocols.swift in Sources */,
				60CE81C0297784D1009667C5 /* ScheduledServiceModel.swift in Sources */,
				60CE81C329778B78009667C5 /* Date+Extension.swift in Sources */,
				4BCB961D29565FF400B15A58 /* HomeViewModel.swift in Sources */,
				60CE81B529776FF0009667C5 /* SystemImageName.swift in Sources */,
				4C55034929379F3600699589 /* HomeViewController.swift in Sources */,
				4B20FF97295697DB0038955D /* ServiceModel.swift in Sources */,
				4BF27F28296BA9ED0097637D /* ServiceCollectionViewCell.swift in Sources */,
				4B15571C296B746C001C8C7F /* CustomImageView.swift in Sources */,
				4B94CE79296B50C500144E87 /* UIColor+Extension.swift in Sources */,
				4B15571E296B7B0D001C8C7F /* CustomButton.swift in Sources */,
				60CE81BC29777EB1009667C5 /* SelectDateViewModelProtocols.swift in Sources */,
				60CE81B729777572009667C5 /* CustomColorAdapter.swift in Sources */,
				60CE81AF297767BE009667C5 /* CustomColor.swift in Sources */,
				4B94CE7D296B56B700144E87 /* LastServiceView.swift in Sources */,
				4B94CE7B296B52F700144E87 /* CustomDividerView.swift in Sources */,
				4C55034529379F3600699589 /* AppDelegate.swift in Sources */,
				4BF27F26296BA2A00097637D /* SelectServiceView.swift in Sources */,
				4B5F6C902969C54B00F1D14B /* DescriptionModel.swift in Sources */,
				4C5503592937D32A00699589 /* SelectServiceViewController.swift in Sources */,
				4BCB96222956768300B15A58 /* DateManager.swift in Sources */,
				4B20FF99295697F20038955D /* ServiceKeys.swift in Sources */,
				4B94CE76296B4D7700144E87 /* DescriptionView.swift in Sources */,
				60CE81AD297761B7009667C5 /* SelectServiceViewModelProtocols.swift in Sources */,
			);
			runOnlyForDeploymentPostprocessing = 0;
		};
/* End PBXSourcesBuildPhase section */

/* Begin PBXVariantGroup section */
		4C55034F29379F3900699589 /* LaunchScreen.storyboard */ = {
			isa = PBXVariantGroup;
			children = (
				4C55035029379F3900699589 /* Base */,
			);
			name = LaunchScreen.storyboard;
			sourceTree = "<group>";
		};
/* End PBXVariantGroup section */

/* Begin XCBuildConfiguration section */
		4C55035329379F3900699589 /* Debug */ = {
			isa = XCBuildConfiguration;
			buildSettings = {
				ALWAYS_SEARCH_USER_PATHS = NO;
				CLANG_ANALYZER_NONNULL = YES;
				CLANG_ANALYZER_NUMBER_OBJECT_CONVERSION = YES_AGGRESSIVE;
				CLANG_CXX_LANGUAGE_STANDARD = "gnu++17";
				CLANG_ENABLE_MODULES = YES;
				CLANG_ENABLE_OBJC_ARC = YES;
				CLANG_ENABLE_OBJC_WEAK = YES;
				CLANG_WARN_BLOCK_CAPTURE_AUTORELEASING = YES;
				CLANG_WARN_BOOL_CONVERSION = YES;
				CLANG_WARN_COMMA = YES;
				CLANG_WARN_CONSTANT_CONVERSION = YES;
				CLANG_WARN_DEPRECATED_OBJC_IMPLEMENTATIONS = YES;
				CLANG_WARN_DIRECT_OBJC_ISA_USAGE = YES_ERROR;
				CLANG_WARN_DOCUMENTATION_COMMENTS = YES;
				CLANG_WARN_EMPTY_BODY = YES;
				CLANG_WARN_ENUM_CONVERSION = YES;
				CLANG_WARN_INFINITE_RECURSION = YES;
				CLANG_WARN_INT_CONVERSION = YES;
				CLANG_WARN_NON_LITERAL_NULL_CONVERSION = YES;
				CLANG_WARN_OBJC_IMPLICIT_RETAIN_SELF = YES;
				CLANG_WARN_OBJC_LITERAL_CONVERSION = YES;
				CLANG_WARN_OBJC_ROOT_CLASS = YES_ERROR;
				CLANG_WARN_QUOTED_INCLUDE_IN_FRAMEWORK_HEADER = YES;
				CLANG_WARN_RANGE_LOOP_ANALYSIS = YES;
				CLANG_WARN_STRICT_PROTOTYPES = YES;
				CLANG_WARN_SUSPICIOUS_MOVE = YES;
				CLANG_WARN_UNGUARDED_AVAILABILITY = YES_AGGRESSIVE;
				CLANG_WARN_UNREACHABLE_CODE = YES;
				CLANG_WARN__DUPLICATE_METHOD_MATCH = YES;
				COPY_PHASE_STRIP = NO;
				DEBUG_INFORMATION_FORMAT = dwarf;
				ENABLE_STRICT_OBJC_MSGSEND = YES;
				ENABLE_TESTABILITY = YES;
				GCC_C_LANGUAGE_STANDARD = gnu11;
				GCC_DYNAMIC_NO_PIC = NO;
				GCC_NO_COMMON_BLOCKS = YES;
				GCC_OPTIMIZATION_LEVEL = 0;
				GCC_PREPROCESSOR_DEFINITIONS = (
					"DEBUG=1",
					"$(inherited)",
				);
				GCC_WARN_64_TO_32_BIT_CONVERSION = YES;
				GCC_WARN_ABOUT_RETURN_TYPE = YES_ERROR;
				GCC_WARN_UNDECLARED_SELECTOR = YES;
				GCC_WARN_UNINITIALIZED_AUTOS = YES_AGGRESSIVE;
				GCC_WARN_UNUSED_FUNCTION = YES;
				GCC_WARN_UNUSED_VARIABLE = YES;
				IPHONEOS_DEPLOYMENT_TARGET = 15.4;
				MTL_ENABLE_DEBUG_INFO = INCLUDE_SOURCE;
				MTL_FAST_MATH = YES;
				ONLY_ACTIVE_ARCH = YES;
				SDKROOT = iphoneos;
				SWIFT_ACTIVE_COMPILATION_CONDITIONS = DEBUG;
				SWIFT_OPTIMIZATION_LEVEL = "-Onone";
			};
			name = Debug;
		};
		4C55035429379F3900699589 /* Release */ = {
			isa = XCBuildConfiguration;
			buildSettings = {
				ALWAYS_SEARCH_USER_PATHS = NO;
				CLANG_ANALYZER_NONNULL = YES;
				CLANG_ANALYZER_NUMBER_OBJECT_CONVERSION = YES_AGGRESSIVE;
				CLANG_CXX_LANGUAGE_STANDARD = "gnu++17";
				CLANG_ENABLE_MODULES = YES;
				CLANG_ENABLE_OBJC_ARC = YES;
				CLANG_ENABLE_OBJC_WEAK = YES;
				CLANG_WARN_BLOCK_CAPTURE_AUTORELEASING = YES;
				CLANG_WARN_BOOL_CONVERSION = YES;
				CLANG_WARN_COMMA = YES;
				CLANG_WARN_CONSTANT_CONVERSION = YES;
				CLANG_WARN_DEPRECATED_OBJC_IMPLEMENTATIONS = YES;
				CLANG_WARN_DIRECT_OBJC_ISA_USAGE = YES_ERROR;
				CLANG_WARN_DOCUMENTATION_COMMENTS = YES;
				CLANG_WARN_EMPTY_BODY = YES;
				CLANG_WARN_ENUM_CONVERSION = YES;
				CLANG_WARN_INFINITE_RECURSION = YES;
				CLANG_WARN_INT_CONVERSION = YES;
				CLANG_WARN_NON_LITERAL_NULL_CONVERSION = YES;
				CLANG_WARN_OBJC_IMPLICIT_RETAIN_SELF = YES;
				CLANG_WARN_OBJC_LITERAL_CONVERSION = YES;
				CLANG_WARN_OBJC_ROOT_CLASS = YES_ERROR;
				CLANG_WARN_QUOTED_INCLUDE_IN_FRAMEWORK_HEADER = YES;
				CLANG_WARN_RANGE_LOOP_ANALYSIS = YES;
				CLANG_WARN_STRICT_PROTOTYPES = YES;
				CLANG_WARN_SUSPICIOUS_MOVE = YES;
				CLANG_WARN_UNGUARDED_AVAILABILITY = YES_AGGRESSIVE;
				CLANG_WARN_UNREACHABLE_CODE = YES;
				CLANG_WARN__DUPLICATE_METHOD_MATCH = YES;
				COPY_PHASE_STRIP = NO;
				DEBUG_INFORMATION_FORMAT = "dwarf-with-dsym";
				ENABLE_NS_ASSERTIONS = NO;
				ENABLE_STRICT_OBJC_MSGSEND = YES;
				GCC_C_LANGUAGE_STANDARD = gnu11;
				GCC_NO_COMMON_BLOCKS = YES;
				GCC_WARN_64_TO_32_BIT_CONVERSION = YES;
				GCC_WARN_ABOUT_RETURN_TYPE = YES_ERROR;
				GCC_WARN_UNDECLARED_SELECTOR = YES;
				GCC_WARN_UNINITIALIZED_AUTOS = YES_AGGRESSIVE;
				GCC_WARN_UNUSED_FUNCTION = YES;
				GCC_WARN_UNUSED_VARIABLE = YES;
				IPHONEOS_DEPLOYMENT_TARGET = 15.4;
				MTL_ENABLE_DEBUG_INFO = NO;
				MTL_FAST_MATH = YES;
				SDKROOT = iphoneos;
				SWIFT_COMPILATION_MODE = wholemodule;
				SWIFT_OPTIMIZATION_LEVEL = "-O";
				VALIDATE_PRODUCT = YES;
			};
			name = Release;
		};
		4C55035629379F3900699589 /* Debug */ = {
			isa = XCBuildConfiguration;
			buildSettings = {
				ASSETCATALOG_COMPILER_APPICON_NAME = AppIcon;
				ASSETCATALOG_COMPILER_GLOBAL_ACCENT_COLOR_NAME = AccentColor;
				CLANG_ENABLE_MODULES = YES;
				CODE_SIGN_STYLE = Automatic;
				CURRENT_PROJECT_VERSION = 1;
				DEVELOPMENT_TEAM = BF2YF4NNR9;
				GENERATE_INFOPLIST_FILE = YES;
				INFOPLIST_FILE = PoliServices/Info.plist;
				INFOPLIST_KEY_CFBundleDisplayName = "Poli Services";
				INFOPLIST_KEY_UIApplicationSupportsIndirectInputEvents = YES;
				INFOPLIST_KEY_UILaunchStoryboardName = LaunchScreen.storyboard;
				INFOPLIST_KEY_UIStatusBarStyle = UIStatusBarStyleLightContent;
				INFOPLIST_KEY_UISupportedInterfaceOrientations = UIInterfaceOrientationPortrait;
				INFOPLIST_KEY_UIUserInterfaceStyle = Light;
				IPHONEOS_DEPLOYMENT_TARGET = 12.4;
				LD_RUNPATH_SEARCH_PATHS = (
					"$(inherited)",
					"@executable_path/Frameworks",
				);
				MARKETING_VERSION = 1.0;
				PRODUCT_BUNDLE_IDENTIFIER = com.devpoli.PoliServices;
				PRODUCT_NAME = "$(TARGET_NAME)";
				SWIFT_EMIT_LOC_STRINGS = YES;
				SWIFT_OBJC_BRIDGING_HEADER = "";
				SWIFT_OPTIMIZATION_LEVEL = "-Onone";
				SWIFT_VERSION = 5.0;
				TARGETED_DEVICE_FAMILY = "1,2";
			};
			name = Debug;
		};
		4C55035729379F3900699589 /* Release */ = {
			isa = XCBuildConfiguration;
			buildSettings = {
				ASSETCATALOG_COMPILER_APPICON_NAME = AppIcon;
				ASSETCATALOG_COMPILER_GLOBAL_ACCENT_COLOR_NAME = AccentColor;
				CLANG_ENABLE_MODULES = YES;
				CODE_SIGN_STYLE = Automatic;
				CURRENT_PROJECT_VERSION = 1;
				DEVELOPMENT_TEAM = BF2YF4NNR9;
				GENERATE_INFOPLIST_FILE = YES;
				INFOPLIST_FILE = PoliServices/Info.plist;
				INFOPLIST_KEY_CFBundleDisplayName = "Poli Services";
				INFOPLIST_KEY_UIApplicationSupportsIndirectInputEvents = YES;
				INFOPLIST_KEY_UILaunchStoryboardName = LaunchScreen.storyboard;
				INFOPLIST_KEY_UIStatusBarStyle = UIStatusBarStyleLightContent;
				INFOPLIST_KEY_UISupportedInterfaceOrientations = UIInterfaceOrientationPortrait;
				INFOPLIST_KEY_UIUserInterfaceStyle = Light;
				IPHONEOS_DEPLOYMENT_TARGET = 12.4;
				LD_RUNPATH_SEARCH_PATHS = (
					"$(inherited)",
					"@executable_path/Frameworks",
				);
				MARKETING_VERSION = 1.0;
				PRODUCT_BUNDLE_IDENTIFIER = com.devpoli.PoliServices;
				PRODUCT_NAME = "$(TARGET_NAME)";
				SWIFT_EMIT_LOC_STRINGS = YES;
				SWIFT_OBJC_BRIDGING_HEADER = "";
				SWIFT_VERSION = 5.0;
				TARGETED_DEVICE_FAMILY = "1,2";
			};
			name = Release;
		};
/* End XCBuildConfiguration section */

/* Begin XCConfigurationList section */
		4C55033C29379F3600699589 /* Build configuration list for PBXProject "PoliServices" */ = {
			isa = XCConfigurationList;
			buildConfigurations = (
				4C55035329379F3900699589 /* Debug */,
				4C55035429379F3900699589 /* Release */,
			);
			defaultConfigurationIsVisible = 0;
			defaultConfigurationName = Release;
		};
		4C55035529379F3900699589 /* Build configuration list for PBXNativeTarget "PoliServices" */ = {
			isa = XCConfigurationList;
			buildConfigurations = (
				4C55035629379F3900699589 /* Debug */,
				4C55035729379F3900699589 /* Release */,
			);
			defaultConfigurationIsVisible = 0;
			defaultConfigurationName = Release;
		};
/* End XCConfigurationList section */
	};
	rootObject = 4C55033929379F3600699589 /* Project object */;
}
